
Microsoft Visual Studio Solution File, Format Version 12.00
# Visual Studio Version 17
VisualStudioVersion = 17.3.32819.101
MinimumVisualStudioVersion = 10.0.40219.1
Project("{9A19103F-16F7-4668-BE54-9A1E7A4F7556}") = "TweetApp.Backend", "TweetApp.Backend.csproj", "{E78FB813-AA11-4FC0-ADFA-513B3DE27B2B}"
EndProject
Project("{9A19103F-16F7-4668-BE54-9A1E7A4F7556}") = "RabbitMQ", "..\RabbitMQ\RabbitMQ.csproj", "{D1DCCD07-5199-47F1-87B1-2ACCD90F6369}"
EndProject
Global
	GlobalSection(SolutionConfigurationPlatforms) = preSolution
		Debug|Any CPU = Debug|Any CPU
		Release|Any CPU = Release|Any CPU
	EndGlobalSection
	GlobalSection(ProjectConfigurationPlatforms) = postSolution
		{E78FB813-AA11-4FC0-ADFA-513B3DE27B2B}.Debug|Any CPU.ActiveCfg = Debug|Any CPU
		{E78FB813-AA11-4FC0-ADFA-513B3DE27B2B}.Debug|Any CPU.Build.0 = Debug|Any CPU
		{E78FB813-AA11-4FC0-ADFA-513B3DE27B2B}.Release|Any CPU.ActiveCfg = Release|Any CPU
		{E78FB813-AA11-4FC0-ADFA-513B3DE27B2B}.Release|Any CPU.Build.0 = Release|Any CPU
		{D1DCCD07-5199-47F1-87B1-2ACCD90F6369}.Debug|Any CPU.ActiveCfg = Debug|Any CPU
		{D1DCCD07-5199-47F1-87B1-2ACCD90F6369}.Debug|Any CPU.Build.0 = Debug|Any CPU
		{D1DCCD07-5199-47F1-87B1-2ACCD90F6369}.Release|Any CPU.ActiveCfg = Release|Any CPU
		{D1DCCD07-5199-47F1-87B1-2ACCD90F6369}.Release|Any CPU.Build.0 = Release|Any CPU
	EndGlobalSection
	GlobalSection(SolutionProperties) = preSolution
		HideSolutionNode = FALSE
	EndGlobalSection
	GlobalSection(ExtensibilityGlobals) = postSolution
		SolutionGuid = {ACA071B6-D0F8-4AF5-AAE9-50B796D9954A}
	EndGlobalSection
EndGlobal
